
Microsoft Visual Studio Solution File, Format Version 12.00
# Visual Studio Version 16
VisualStudioVersion = 16.0.31624.102
MinimumVisualStudioVersion = 10.0.40219.1
Project("{FAE04EC0-301F-11D3-BF4B-00C04F79EFBC}") = "HW5_Task1", "HW5_Task1.csproj", "{7D910D9F-C9A8-4030-8DC2-FE5188F34CE2}"
EndProject
Global
	GlobalSection(SolutionConfigurationPlatforms) = preSolution
		Debug|Any CPU = Debug|Any CPU
		Release|Any CPU = Release|Any CPU
	EndGlobalSection
	GlobalSection(ProjectConfigurationPlatforms) = postSolution
		{7D910D9F-C9A8-4030-8DC2-FE5188F34CE2}.Debug|Any CPU.ActiveCfg = Debug|Any CPU
		{7D910D9F-C9A8-4030-8DC2-FE5188F34CE2}.Debug|Any CPU.Build.0 = Debug|Any CPU
		{7D910D9F-C9A8-4030-8DC2-FE5188F34CE2}.Release|Any CPU.ActiveCfg = Release|Any CPU
		{7D910D9F-C9A8-4030-8DC2-FE5188F34CE2}.Release|Any CPU.Build.0 = Release|Any CPU
	EndGlobalSection
	GlobalSection(SolutionProperties) = preSolution
		HideSolutionNode = FALSE
	EndGlobalSection
	GlobalSection(ExtensibilityGlobals) = postSolution
		SolutionGuid = {C0C843D6-62C9-4D83-AA86-546649B7D10A}
	EndGlobalSection
EndGlobal
